<?xml version="1.0" encoding="UTF-8" standalone="yes" ?>
<CodeBlocks_project_file>
	<FileVersion major="1" minor="6" />
	<Project>
		<Option title="LibraBook" />
		<Option pch_mode="2" />
		<Option compiler="gcc" />
		<Build>
			<Target title="Debug">
				<Option output="bin/Debug/LibraBook" prefix_auto="1" extension_auto="1" />
				<Option object_output="obj/Debug/" />
				<Option type="1" />
				<Option compiler="gcc" />
				<Compiler>
					<Add option="-g" />
					<Add directory="sumber/Komponen" />
					<Add directory="sumber/Menu" />
				</Compiler>
			</Target>
			<Target title="Release">
				<Option output="bin/Release/LibraBook" prefix_auto="1" extension_auto="1" />
				<Option object_output="obj/Release/" />
				<Option type="1" />
				<Option compiler="gcc" />
				<Compiler>
					<Add option="-O2" />
					<Add directory="sumber/Komponen" />
					<Add directory="sumber/Menu" />
				</Compiler>
				<Linker>
					<Add option="-s" />
				</Linker>
			</Target>
		</Build>
		<Compiler>
			<Add option="-Wall" />
		</Compiler>
		<Unit filename="sumber/Komponen/Layar.cpp" />
		<Unit filename="sumber/Komponen/Layar.h" />
		<Unit filename="sumber/Komponen/Menu.cpp" />
		<Unit filename="sumber/Komponen/Menu.h" />
		<Unit filename="sumber/Komponen/Mesin.cpp" />
		<Unit filename="sumber/Komponen/Mesin.h" />
		<Unit filename="sumber/Menu/Utama.cpp" />
		<Unit filename="sumber/Menu/Utama.h" />
		<Unit filename="sumber/main.cpp" />
		<Extensions />
	</Project>
</CodeBlocks_project_file>
