
Microsoft Visual Studio Solution File, Format Version 12.00
# Visual Studio Version 17
VisualStudioVersion = 17.6.33815.320
MinimumVisualStudioVersion = 10.0.40219.1
Project("{FAE04EC0-301F-11D3-BF4B-00C04F79EFBC}") = "M10Interface", "M10Interface\M10Interface.csproj", "{3D40453F-4A28-4B7E-8BE9-3566B3741FB7}"
EndProject
Global
	GlobalSection(SolutionConfigurationPlatforms) = preSolution
		Debug|Any CPU = Debug|Any CPU
		Release|Any CPU = Release|Any CPU
	EndGlobalSection
	GlobalSection(ProjectConfigurationPlatforms) = postSolution
		{3D40453F-4A28-4B7E-8BE9-3566B3741FB7}.Debug|Any CPU.ActiveCfg = Debug|Any CPU
		{3D40453F-4A28-4B7E-8BE9-3566B3741FB7}.Debug|Any CPU.Build.0 = Debug|Any CPU
		{3D40453F-4A28-4B7E-8BE9-3566B3741FB7}.Release|Any CPU.ActiveCfg = Release|Any CPU
		{3D40453F-4A28-4B7E-8BE9-3566B3741FB7}.Release|Any CPU.Build.0 = Release|Any CPU
	EndGlobalSection
	GlobalSection(SolutionProperties) = preSolution
		HideSolutionNode = FALSE
	EndGlobalSection
	GlobalSection(ExtensibilityGlobals) = postSolution
		SolutionGuid = {DEFD843A-51CB-49D2-910C-29F81153EA75}
	EndGlobalSection
EndGlobal
