
Microsoft Visual Studio Solution File, Format Version 12.00
# Visual Studio Version 17
VisualStudioVersion = 17.6.33815.320
MinimumVisualStudioVersion = 10.0.40219.1
Project("{FAE04EC0-301F-11D3-BF4B-00C04F79EFBC}") = "Pertemuan3_OOP", "Pertemuan3_OOP\Pertemuan3_OOP.csproj", "{AA0F7CDC-E6F2-4EF8-B338-82DF7930028B}"
EndProject
Global
	GlobalSection(SolutionConfigurationPlatforms) = preSolution
		Debug|Any CPU = Debug|Any CPU
		Release|Any CPU = Release|Any CPU
	EndGlobalSection
	GlobalSection(ProjectConfigurationPlatforms) = postSolution
		{AA0F7CDC-E6F2-4EF8-B338-82DF7930028B}.Debug|Any CPU.ActiveCfg = Debug|Any CPU
		{AA0F7CDC-E6F2-4EF8-B338-82DF7930028B}.Debug|Any CPU.Build.0 = Debug|Any CPU
		{AA0F7CDC-E6F2-4EF8-B338-82DF7930028B}.Release|Any CPU.ActiveCfg = Release|Any CPU
		{AA0F7CDC-E6F2-4EF8-B338-82DF7930028B}.Release|Any CPU.Build.0 = Release|Any CPU
	EndGlobalSection
	GlobalSection(SolutionProperties) = preSolution
		HideSolutionNode = FALSE
	EndGlobalSection
	GlobalSection(ExtensibilityGlobals) = postSolution
		SolutionGuid = {4B8F4192-A915-483E-A95B-A6657A3BF426}
	EndGlobalSection
EndGlobal
