
Microsoft Visual Studio Solution File, Format Version 12.00
# Visual Studio Version 17
VisualStudioVersion = 17.6.33815.320
MinimumVisualStudioVersion = 10.0.40219.1
Project("{FAE04EC0-301F-11D3-BF4B-00C04F79EFBC}") = "Tugas", "Tugas\Tugas.csproj", "{67BD8919-611F-4372-A827-9BB2113C54E3}"
EndProject
Global
	GlobalSection(SolutionConfigurationPlatforms) = preSolution
		Debug|Any CPU = Debug|Any CPU
		Release|Any CPU = Release|Any CPU
	EndGlobalSection
	GlobalSection(ProjectConfigurationPlatforms) = postSolution
		{67BD8919-611F-4372-A827-9BB2113C54E3}.Debug|Any CPU.ActiveCfg = Debug|Any CPU
		{67BD8919-611F-4372-A827-9BB2113C54E3}.Debug|Any CPU.Build.0 = Debug|Any CPU
		{67BD8919-611F-4372-A827-9BB2113C54E3}.Release|Any CPU.ActiveCfg = Release|Any CPU
		{67BD8919-611F-4372-A827-9BB2113C54E3}.Release|Any CPU.Build.0 = Release|Any CPU
	EndGlobalSection
	GlobalSection(SolutionProperties) = preSolution
		HideSolutionNode = FALSE
	EndGlobalSection
	GlobalSection(ExtensibilityGlobals) = postSolution
		SolutionGuid = {D280326F-DF4A-40F7-B370-B7F0A785BD57}
	EndGlobalSection
EndGlobal
