
Microsoft Visual Studio Solution File, Format Version 12.00
# Visual Studio Version 17
VisualStudioVersion = 17.5.002.0
MinimumVisualStudioVersion = 10.0.40219.1
Project("{9A19103F-16F7-4668-BE54-9A1E7A4F7556}") = "M01_Aritmatika", "M01_Aritmatika.csproj", "{CFA9CDEC-1ED4-42B0-9EC0-24055F09D64A}"
EndProject
Global
	GlobalSection(SolutionConfigurationPlatforms) = preSolution
		Debug|Any CPU = Debug|Any CPU
		Release|Any CPU = Release|Any CPU
	EndGlobalSection
	GlobalSection(ProjectConfigurationPlatforms) = postSolution
		{CFA9CDEC-1ED4-42B0-9EC0-24055F09D64A}.Debug|Any CPU.ActiveCfg = Debug|Any CPU
		{CFA9CDEC-1ED4-42B0-9EC0-24055F09D64A}.Debug|Any CPU.Build.0 = Debug|Any CPU
		{CFA9CDEC-1ED4-42B0-9EC0-24055F09D64A}.Release|Any CPU.ActiveCfg = Release|Any CPU
		{CFA9CDEC-1ED4-42B0-9EC0-24055F09D64A}.Release|Any CPU.Build.0 = Release|Any CPU
	EndGlobalSection
	GlobalSection(SolutionProperties) = preSolution
		HideSolutionNode = FALSE
	EndGlobalSection
	GlobalSection(ExtensibilityGlobals) = postSolution
		SolutionGuid = {5BD97390-8FD8-4331-8817-587538271B94}
	EndGlobalSection
EndGlobal
