
Microsoft Visual Studio Solution File, Format Version 12.00
# Visual Studio Version 17
VisualStudioVersion = 17.6.33815.320
MinimumVisualStudioVersion = 10.0.40219.1
Project("{FAE04EC0-301F-11D3-BF4B-00C04F79EFBC}") = "lorem ipsum dolor sit amet", "lorem ipsum dolor sit amet\lorem ipsum dolor sit amet.csproj", "{99648328-C0BD-4536-A090-589227B3732E}"
EndProject
Global
	GlobalSection(SolutionConfigurationPlatforms) = preSolution
		Debug|Any CPU = Debug|Any CPU
		Release|Any CPU = Release|Any CPU
	EndGlobalSection
	GlobalSection(ProjectConfigurationPlatforms) = postSolution
		{99648328-C0BD-4536-A090-589227B3732E}.Debug|Any CPU.ActiveCfg = Debug|Any CPU
		{99648328-C0BD-4536-A090-589227B3732E}.Debug|Any CPU.Build.0 = Debug|Any CPU
		{99648328-C0BD-4536-A090-589227B3732E}.Release|Any CPU.ActiveCfg = Release|Any CPU
		{99648328-C0BD-4536-A090-589227B3732E}.Release|Any CPU.Build.0 = Release|Any CPU
	EndGlobalSection
	GlobalSection(SolutionProperties) = preSolution
		HideSolutionNode = FALSE
	EndGlobalSection
	GlobalSection(ExtensibilityGlobals) = postSolution
		SolutionGuid = {FF0C9A7C-F92A-4FBD-9C47-4DF608EECDC9}
	EndGlobalSection
EndGlobal
